
Microsoft Visual Studio Solution File, Format Version 12.00
# Visual Studio Version 17
VisualStudioVersion = 17.5.33627.172
MinimumVisualStudioVersion = 10.0.40219.1
Project("{9A19103F-16F7-4668-BE54-9A1E7A4F7556}") = "SimpleToDOApp", "SimpleToDOApp\SimpleToDOApp.csproj", "{A415CD12-6CB1-4496-A87B-FB7EB142B888}"
EndProject
Project("{9A19103F-16F7-4668-BE54-9A1E7A4F7556}") = "MauiSimpleToDO", "MauiSimpleToDO\MauiSimpleToDO.csproj", "{04B877DE-6F22-4F67-AEE1-3C08D6BBF03F}"
EndProject
Project("{9A19103F-16F7-4668-BE54-9A1E7A4F7556}") = "WebApiClientes", "WebApiClientes\WebApiClientes.csproj", "{00830976-F8AD-4516-BB66-6FE8195A0990}"
EndProject
Project("{FAE04EC0-301F-11D3-BF4B-00C04F79EFBC}") = "BlazorClientes", "BlazorClientes\BlazorClientes.csproj", "{0C3D9894-075F-424A-B3B4-D2CC08356886}"
EndProject
Global
	GlobalSection(SolutionConfigurationPlatforms) = preSolution
		Debug|Any CPU = Debug|Any CPU
		Release|Any CPU = Release|Any CPU
	EndGlobalSection
	GlobalSection(ProjectConfigurationPlatforms) = postSolution
		{A415CD12-6CB1-4496-A87B-FB7EB142B888}.Debug|Any CPU.ActiveCfg = Debug|Any CPU
		{A415CD12-6CB1-4496-A87B-FB7EB142B888}.Debug|Any CPU.Build.0 = Debug|Any CPU
		{A415CD12-6CB1-4496-A87B-FB7EB142B888}.Release|Any CPU.ActiveCfg = Release|Any CPU
		{A415CD12-6CB1-4496-A87B-FB7EB142B888}.Release|Any CPU.Build.0 = Release|Any CPU
		{04B877DE-6F22-4F67-AEE1-3C08D6BBF03F}.Debug|Any CPU.ActiveCfg = Debug|Any CPU
		{04B877DE-6F22-4F67-AEE1-3C08D6BBF03F}.Debug|Any CPU.Build.0 = Debug|Any CPU
		{04B877DE-6F22-4F67-AEE1-3C08D6BBF03F}.Debug|Any CPU.Deploy.0 = Debug|Any CPU
		{04B877DE-6F22-4F67-AEE1-3C08D6BBF03F}.Release|Any CPU.ActiveCfg = Release|Any CPU
		{04B877DE-6F22-4F67-AEE1-3C08D6BBF03F}.Release|Any CPU.Build.0 = Release|Any CPU
		{04B877DE-6F22-4F67-AEE1-3C08D6BBF03F}.Release|Any CPU.Deploy.0 = Release|Any CPU
		{00830976-F8AD-4516-BB66-6FE8195A0990}.Debug|Any CPU.ActiveCfg = Debug|Any CPU
		{00830976-F8AD-4516-BB66-6FE8195A0990}.Debug|Any CPU.Build.0 = Debug|Any CPU
		{00830976-F8AD-4516-BB66-6FE8195A0990}.Release|Any CPU.ActiveCfg = Release|Any CPU
		{00830976-F8AD-4516-BB66-6FE8195A0990}.Release|Any CPU.Build.0 = Release|Any CPU
		{0C3D9894-075F-424A-B3B4-D2CC08356886}.Debug|Any CPU.ActiveCfg = Debug|Any CPU
		{0C3D9894-075F-424A-B3B4-D2CC08356886}.Debug|Any CPU.Build.0 = Debug|Any CPU
		{0C3D9894-075F-424A-B3B4-D2CC08356886}.Release|Any CPU.ActiveCfg = Release|Any CPU
		{0C3D9894-075F-424A-B3B4-D2CC08356886}.Release|Any CPU.Build.0 = Release|Any CPU
	EndGlobalSection
	GlobalSection(SolutionProperties) = preSolution
		HideSolutionNode = FALSE
	EndGlobalSection
	GlobalSection(ExtensibilityGlobals) = postSolution
		SolutionGuid = {A7150C03-695A-40CF-B890-059A81A4DC61}
	EndGlobalSection
EndGlobal
